// !$*UTF8*$!
{
	archiveVersion = 1;
	classes = {
	};
	objectVersion = 77;
	objects = {

/* Begin PBXContainerItemProxy section */
		ACCF09452DCE33B3009E69D8 /* PBXContainerItemProxy */ = {
			isa = PBXContainerItemProxy;
			containerPortal = ACCF092C2DCE33AF009E69D8 /* Project object */;
			proxyType = 1;
			remoteGlobalIDString = ACCF09332DCE33AF009E69D8;
			remoteInfo = SliderBGColor;
		};
		ACCF094F2DCE33B4009E69D8 /* PBXContainerItemProxy */ = {
			isa = PBXContainerItemProxy;
			containerPortal = ACCF092C2DCE33AF009E69D8 /* Project object */;
			proxyType = 1;
			remoteGlobalIDString = ACCF09332DCE33AF009E69D8;
			remoteInfo = SliderBGColor;
		};
/* End PBXContainerItemProxy section */

/* Begin PBXFileReference section */
		ACCF09342DCE33AF009E69D8 /* SliderBGColor.app */ = {isa = PBXFileReference; explicitFileType = wrapper.application; includeInIndex = 0; path = SliderBGColor.app; sourceTree = BUILT_PRODUCTS_DIR; };
		ACCF09442DCE33B3009E69D8 /* SliderBGColorTests.xctest */ = {isa = PBXFileReference; explicitFileType = wrapper.cfbundle; includeInIndex = 0; path = SliderBGColorTests.xctest; sourceTree = BUILT_PRODUCTS_DIR; };
		ACCF094E2DCE33B4009E69D8 /* SliderBGColorUITests.xctest */ = {isa = PBXFileReference; explicitFileType = wrapper.cfbundle; includeInIndex = 0; path = SliderBGColorUITests.xctest; sourceTree = BUILT_PRODUCTS_DIR; };
/* End PBXFileReference section */

/* Begin PBXFileSystemSynchronizedRootGroup section */
		ACCF09362DCE33AF009E69D8 /* SliderBGColor */ = {
			isa = PBXFileSystemSynchronizedRootGroup;
			path = SliderBGColor;
			sourceTree = "<group>";
		};
		ACCF09472DCE33B3009E69D8 /* SliderBGColorTests */ = {
			isa = PBXFileSystemSynchronizedRootGroup;
			path = SliderBGColorTests;
			sourceTree = "<group>";
		};
		ACCF09512DCE33B4009E69D8 /* SliderBGColorUITests */ = {
			isa = PBXFileSystemSynchronizedRootGroup;
			path = SliderBGColorUITests;
			sourceTree = "<group>";
		};
/* End PBXFileSystemSynchronizedRootGroup section */

/* Begin PBXFrameworksBuildPhase section */
		ACCF09312DCE33AF009E69D8 /* Frameworks */ = {
			isa = PBXFrameworksBuildPhase;
			buildActionMask = 2147483647;
			files = (
			);
			runOnlyForDeploymentPostprocessing = 0;
		};
		ACCF09412DCE33B3009E69D8 /* Frameworks */ = {
			isa = PBXFrameworksBuildPhase;
			buildActionMask = 2147483647;
			files = (
			);
			runOnlyForDeploymentPostprocessing = 0;
		};
		ACCF094B2DCE33B4009E69D8 /* Frameworks */ = {
			isa = PBXFrameworksBuildPhase;
			buildActionMask = 2147483647;
			files = (
			);
			runOnlyForDeploymentPostprocessing = 0;
		};
/* End PBXFrameworksBuildPhase section */

/* Begin PBXGroup section */
		ACCF092B2DCE33AF009E69D8 = {
			isa = PBXGroup;
			children = (
				ACCF09362DCE33AF009E69D8 /* SliderBGColor */,
				ACCF09472DCE33B3009E69D8 /* SliderBGColorTests */,
				ACCF09512DCE33B4009E69D8 /* SliderBGColorUITests */,
				ACCF09352DCE33AF009E69D8 /* Products */,
			);
			sourceTree = "<group>";
		};
		ACCF09352DCE33AF009E69D8 /* Products */ = {
			isa = PBXGroup;
			children = (
				ACCF09342DCE33AF009E69D8 /* SliderBGColor.app */,
				ACCF09442DCE33B3009E69D8 /* SliderBGColorTests.xctest */,
				ACCF094E2DCE33B4009E69D8 /* SliderBGColorUITests.xctest */,
			);
			name = Products;
			sourceTree = "<group>";
		};
/* End PBXGroup section */

/* Begin PBXNativeTarget section */
		ACCF09332DCE33AF009E69D8 /* SliderBGColor */ = {
			isa = PBXNativeTarget;
			buildConfigurationList = ACCF09582DCE33B4009E69D8 /* Build configuration list for PBXNativeTarget "SliderBGColor" */;
			buildPhases = (
				ACCF09302DCE33AF009E69D8 /* Sources */,
				ACCF09312DCE33AF009E69D8 /* Frameworks */,
				ACCF09322DCE33AF009E69D8 /* Resources */,
			);
			buildRules = (
			);
			dependencies = (
			);
			fileSystemSynchronizedGroups = (
				ACCF09362DCE33AF009E69D8 /* SliderBGColor */,
			);
			name = SliderBGColor;
			packageProductDependencies = (
			);
			productName = SliderBGColor;
			productReference = ACCF09342DCE33AF009E69D8 /* SliderBGColor.app */;
			productType = "com.apple.product-type.application";
		};
		ACCF09432DCE33B3009E69D8 /* SliderBGColorTests */ = {
			isa = PBXNativeTarget;
			buildConfigurationList = ACCF095B2DCE33B4009E69D8 /* Build configuration list for PBXNativeTarget "SliderBGColorTests" */;
			buildPhases = (
				ACCF09402DCE33B3009E69D8 /* Sources */,
				ACCF09412DCE33B3009E69D8 /* Frameworks */,
				ACCF09422DCE33B3009E69D8 /* Resources */,
			);
			buildRules = (
			);
			dependencies = (
				ACCF09462DCE33B3009E69D8 /* PBXTargetDependency */,
			);
			fileSystemSynchronizedGroups = (
				ACCF09472DCE33B3009E69D8 /* SliderBGColorTests */,
			);
			name = SliderBGColorTests;
			packageProductDependencies = (
			);
			productName = SliderBGColorTests;
			productReference = ACCF09442DCE33B3009E69D8 /* SliderBGColorTests.xctest */;
			productType = "com.apple.product-type.bundle.unit-test";
		};
		ACCF094D2DCE33B4009E69D8 /* SliderBGColorUITests */ = {
			isa = PBXNativeTarget;
			buildConfigurationList = ACCF095E2DCE33B4009E69D8 /* Build configuration list for PBXNativeTarget "SliderBGColorUITests" */;
			buildPhases = (
				ACCF094A2DCE33B4009E69D8 /* Sources */,
				ACCF094B2DCE33B4009E69D8 /* Frameworks */,
				ACCF094C2DCE33B4009E69D8 /* Resources */,
			);
			buildRules = (
			);
			dependencies = (
				ACCF09502DCE33B4009E69D8 /* PBXTargetDependency */,
			);
			fileSystemSynchronizedGroups = (
				ACCF09512DCE33B4009E69D8 /* SliderBGColorUITests */,
			);
			name = SliderBGColorUITests;
			packageProductDependencies = (
			);
			productName = SliderBGColorUITests;
			productReference = ACCF094E2DCE33B4009E69D8 /* SliderBGColorUITests.xctest */;
			productType = "com.apple.product-type.bundle.ui-testing";
		};
/* End PBXNativeTarget section */

/* Begin PBXProject section */
		ACCF092C2DCE33AF009E69D8 /* Project object */ = {
			isa = PBXProject;
			attributes = {
				BuildIndependentTargetsInParallel = 1;
				LastSwiftUpdateCheck = 1620;
				LastUpgradeCheck = 1620;
				TargetAttributes = {
					ACCF09332DCE33AF009E69D8 = {
						CreatedOnToolsVersion = 16.2;
					};
					ACCF09432DCE33B3009E69D8 = {
						CreatedOnToolsVersion = 16.2;
						TestTargetID = ACCF09332DCE33AF009E69D8;
					};
					ACCF094D2DCE33B4009E69D8 = {
						CreatedOnToolsVersion = 16.2;
						TestTargetID = ACCF09332DCE33AF009E69D8;
					};
				};
			};
			buildConfigurationList = ACCF092F2DCE33AF009E69D8 /* Build configuration list for PBXProject "SliderBGColor" */;
			developmentRegion = en;
			hasScannedForEncodings = 0;
			knownRegions = (
				en,
				Base,
			);
			mainGroup = ACCF092B2DCE33AF009E69D8;
			minimizedProjectReferenceProxies = 1;
			preferredProjectObjectVersion = 77;
			productRefGroup = ACCF09352DCE33AF009E69D8 /* Products */;
			projectDirPath = "";
			projectRoot = "";
			targets = (
				ACCF09332DCE33AF009E69D8 /* SliderBGColor */,
				ACCF09432DCE33B3009E69D8 /* SliderBGColorTests */,
				ACCF094D2DCE33B4009E69D8 /* SliderBGColorUITests */,
			);
		};
/* End PBXProject section */

/* Begin PBXResourcesBuildPhase section */
		ACCF09322DCE33AF009E69D8 /* Resources */ = {
			isa = PBXResourcesBuildPhase;
			buildActionMask = 2147483647;
			files = (
			);
			runOnlyForDeploymentPostprocessing = 0;
		};
		ACCF09422DCE33B3009E69D8 /* Resources */ = {
			isa = PBXResourcesBuildPhase;
			buildActionMask = 2147483647;
			files = (
			);
			runOnlyForDeploymentPostprocessing = 0;
		};
		ACCF094C2DCE33B4009E69D8 /* Resources */ = {
			isa = PBXResourcesBuildPhase;
			buildActionMask = 2147483647;
			files = (
			);
			runOnlyForDeploymentPostprocessing = 0;
		};
/* End PBXResourcesBuildPhase section */

/* Begin PBXSourcesBuildPhase section */
		ACCF09302DCE33AF009E69D8 /* Sources */ = {
			isa = PBXSourcesBuildPhase;
			buildActionMask = 2147483647;
			files = (
			);
			runOnlyForDeploymentPostprocessing = 0;
		};
		ACCF09402DCE33B3009E69D8 /* Sources */ = {
			isa = PBXSourcesBuildPhase;
			buildActionMask = 2147483647;
			files = (
			);
			runOnlyForDeploymentPostprocessing = 0;
		};
		ACCF094A2DCE33B4009E69D8 /* Sources */ = {
			isa = PBXSourcesBuildPhase;
			buildActionMask = 2147483647;
			files = (
			);
			runOnlyForDeploymentPostprocessing = 0;
		};
/* End PBXSourcesBuildPhase section */

/* Begin PBXTargetDependency section */
		ACCF09462DCE33B3009E69D8 /* PBXTargetDependency */ = {
			isa = PBXTargetDependency;
			target = ACCF09332DCE33AF009E69D8 /* SliderBGColor */;
			targetProxy = ACCF09452DCE33B3009E69D8 /* PBXContainerItemProxy */;
		};
		ACCF09502DCE33B4009E69D8 /* PBXTargetDependency */ = {
			isa = PBXTargetDependency;
			target = ACCF09332DCE33AF009E69D8 /* SliderBGColor */;
			targetProxy = ACCF094F2DCE33B4009E69D8 /* PBXContainerItemProxy */;
		};
/* End PBXTargetDependency section */

/* Begin XCBuildConfiguration section */
		ACCF09562DCE33B4009E69D8 /* Debug */ = {
			isa = XCBuildConfiguration;
			buildSettings = {
				ALWAYS_SEARCH_USER_PATHS = NO;
				ASSETCATALOG_COMPILER_GENERATE_SWIFT_ASSET_SYMBOL_EXTENSIONS = YES;
				CLANG_ANALYZER_NONNULL = YES;
				CLANG_ANALYZER_NUMBER_OBJECT_CONVERSION = YES_AGGRESSIVE;
				CLANG_CXX_LANGUAGE_STANDARD = "gnu++20";
				CLANG_ENABLE_MODULES = YES;
				CLANG_ENABLE_OBJC_ARC = YES;
				CLANG_ENABLE_OBJC_WEAK = YES;
				CLANG_WARN_BLOCK_CAPTURE_AUTORELEASING = YES;
				CLANG_WARN_BOOL_CONVERSION = YES;
				CLANG_WARN_COMMA = YES;
				CLANG_WARN_CONSTANT_CONVERSION = YES;
				CLANG_WARN_DEPRECATED_OBJC_IMPLEMENTATIONS = YES;
				CLANG_WARN_DIRECT_OBJC_ISA_USAGE = YES_ERROR;
				CLANG_WARN_DOCUMENTATION_COMMENTS = YES;
				CLANG_WARN_EMPTY_BODY = YES;
				CLANG_WARN_ENUM_CONVERSION = YES;
				CLANG_WARN_INFINITE_RECURSION = YES;
				CLANG_WARN_INT_CONVERSION = YES;
				CLANG_WARN_NON_LITERAL_NULL_CONVERSION = YES;
				CLANG_WARN_OBJC_IMPLICIT_RETAIN_SELF = YES;
				CLANG_WARN_OBJC_LITERAL_CONVERSION = YES;
				CLANG_WARN_OBJC_ROOT_CLASS = YES_ERROR;
				CLANG_WARN_QUOTED_INCLUDE_IN_FRAMEWORK_HEADER = YES;
				CLANG_WARN_RANGE_LOOP_ANALYSIS = YES;
				CLANG_WARN_STRICT_PROTOTYPES = YES;
				CLANG_WARN_SUSPICIOUS_MOVE = YES;
				CLANG_WARN_UNGUARDED_AVAILABILITY = YES_AGGRESSIVE;
				CLANG_WARN_UNREACHABLE_CODE = YES;
				CLANG_WARN__DUPLICATE_METHOD_MATCH = YES;
				COPY_PHASE_STRIP = NO;
				DEBUG_INFORMATION_FORMAT = dwarf;
				ENABLE_STRICT_OBJC_MSGSEND = YES;
				ENABLE_TESTABILITY = YES;
				ENABLE_USER_SCRIPT_SANDBOXING = YES;
				GCC_C_LANGUAGE_STANDARD = gnu17;
				GCC_DYNAMIC_NO_PIC = NO;
				GCC_NO_COMMON_BLOCKS = YES;
				GCC_OPTIMIZATION_LEVEL = 0;
				GCC_PREPROCESSOR_DEFINITIONS = (
					"DEBUG=1",
					"$(inherited)",
				);
				GCC_WARN_64_TO_32_BIT_CONVERSION = YES;
				GCC_WARN_ABOUT_RETURN_TYPE = YES_ERROR;
				GCC_WARN_UNDECLARED_SELECTOR = YES;
				GCC_WARN_UNINITIALIZED_AUTOS = YES_AGGRESSIVE;
				GCC_WARN_UNUSED_FUNCTION = YES;
				GCC_WARN_UNUSED_VARIABLE = YES;
				IPHONEOS_DEPLOYMENT_TARGET = 18.2;
				LOCALIZATION_PREFERS_STRING_CATALOGS = YES;
				MTL_ENABLE_DEBUG_INFO = INCLUDE_SOURCE;
				MTL_FAST_MATH = YES;
				ONLY_ACTIVE_ARCH = YES;
				SDKROOT = iphoneos;
				SWIFT_ACTIVE_COMPILATION_CONDITIONS = "DEBUG $(inherited)";
				SWIFT_OPTIMIZATION_LEVEL = "-Onone";
			};
			name = Debug;
		};
		ACCF09572DCE33B4009E69D8 /* Release */ = {
			isa = XCBuildConfiguration;
			buildSettings = {
				ALWAYS_SEARCH_USER_PATHS = NO;
				ASSETCATALOG_COMPILER_GENERATE_SWIFT_ASSET_SYMBOL_EXTENSIONS = YES;
				CLANG_ANALYZER_NONNULL = YES;
				CLANG_ANALYZER_NUMBER_OBJECT_CONVERSION = YES_AGGRESSIVE;
				CLANG_CXX_LANGUAGE_STANDARD = "gnu++20";
				CLANG_ENABLE_MODULES = YES;
				CLANG_ENABLE_OBJC_ARC = YES;
				CLANG_ENABLE_OBJC_WEAK = YES;
				CLANG_WARN_BLOCK_CAPTURE_AUTORELEASING = YES;
				CLANG_WARN_BOOL_CONVERSION = YES;
				CLANG_WARN_COMMA = YES;
				CLANG_WARN_CONSTANT_CONVERSION = YES;
				CLANG_WARN_DEPRECATED_OBJC_IMPLEMENTATIONS = YES;
				CLANG_WARN_DIRECT_OBJC_ISA_USAGE = YES_ERROR;
				CLANG_WARN_DOCUMENTATION_COMMENTS = YES;
				CLANG_WARN_EMPTY_BODY = YES;
				CLANG_WARN_ENUM_CONVERSION = YES;
				CLANG_WARN_INFINITE_RECURSION = YES;
				CLANG_WARN_INT_CONVERSION = YES;
				CLANG_WARN_NON_LITERAL_NULL_CONVERSION = YES;
				CLANG_WARN_OBJC_IMPLICIT_RETAIN_SELF = YES;
				CLANG_WARN_OBJC_LITERAL_CONVERSION = YES;
				CLANG_WARN_OBJC_ROOT_CLASS = YES_ERROR;
				CLANG_WARN_QUOTED_INCLUDE_IN_FRAMEWORK_HEADER = YES;
				CLANG_WARN_RANGE_LOOP_ANALYSIS = YES;
				CLANG_WARN_STRICT_PROTOTYPES = YES;
				CLANG_WARN_SUSPICIOUS_MOVE = YES;
				CLANG_WARN_UNGUARDED_AVAILABILITY = YES_AGGRESSIVE;
				CLANG_WARN_UNREACHABLE_CODE = YES;
				CLANG_WARN__DUPLICATE_METHOD_MATCH = YES;
				COPY_PHASE_STRIP = NO;
				DEBUG_INFORMATION_FORMAT = "dwarf-with-dsym";
				ENABLE_NS_ASSERTIONS = NO;
				ENABLE_STRICT_OBJC_MSGSEND = YES;
				ENABLE_USER_SCRIPT_SANDBOXING = YES;
				GCC_C_LANGUAGE_STANDARD = gnu17;
				GCC_NO_COMMON_BLOCKS = YES;
				GCC_WARN_64_TO_32_BIT_CONVERSION = YES;
				GCC_WARN_ABOUT_RETURN_TYPE = YES_ERROR;
				GCC_WARN_UNDECLARED_SELECTOR = YES;
				GCC_WARN_UNINITIALIZED_AUTOS = YES_AGGRESSIVE;
				GCC_WARN_UNUSED_FUNCTION = YES;
				GCC_WARN_UNUSED_VARIABLE = YES;
				IPHONEOS_DEPLOYMENT_TARGET = 18.2;
				LOCALIZATION_PREFERS_STRING_CATALOGS = YES;
				MTL_ENABLE_DEBUG_INFO = NO;
				MTL_FAST_MATH = YES;
				SDKROOT = iphoneos;
				SWIFT_COMPILATION_MODE = wholemodule;
				VALIDATE_PRODUCT = YES;
			};
			name = Release;
		};
		ACCF09592DCE33B4009E69D8 /* Debug */ = {
			isa = XCBuildConfiguration;
			buildSettings = {
				ASSETCATALOG_COMPILER_APPICON_NAME = AppIcon;
				ASSETCATALOG_COMPILER_GLOBAL_ACCENT_COLOR_NAME = AccentColor;
				CODE_SIGN_STYLE = Automatic;
				CURRENT_PROJECT_VERSION = 1;
				DEVELOPMENT_ASSET_PATHS = "\"SliderBGColor/Preview Content\"";
				ENABLE_PREVIEWS = YES;
				GENERATE_INFOPLIST_FILE = YES;
				INFOPLIST_KEY_UIApplicationSceneManifest_Generation = YES;
				INFOPLIST_KEY_UIApplicationSupportsIndirectInputEvents = YES;
				INFOPLIST_KEY_UILaunchScreen_Generation = YES;
				INFOPLIST_KEY_UISupportedInterfaceOrientations_iPad = "UIInterfaceOrientationPortrait UIInterfaceOrientationPortraitUpsideDown UIInterfaceOrientationLandscapeLeft UIInterfaceOrientationLandscapeRight";
				INFOPLIST_KEY_UISupportedInterfaceOrientations_iPhone = "UIInterfaceOrientationPortrait UIInterfaceOrientationLandscapeLeft UIInterfaceOrientationLandscapeRight";
				LD_RUNPATH_SEARCH_PATHS = (
					"$(inherited)",
					"@executable_path/Frameworks",
				);
				MARKETING_VERSION = 1.0;
				PRODUCT_BUNDLE_IDENTIFIER = fr.SliderBGColor;
				PRODUCT_NAME = "$(TARGET_NAME)";
				SWIFT_EMIT_LOC_STRINGS = YES;
				SWIFT_VERSION = 5.0;
				TARGETED_DEVICE_FAMILY = "1,2";
			};
			name = Debug;
		};
		ACCF095A2DCE33B4009E69D8 /* Release */ = {
			isa = XCBuildConfiguration;
			buildSettings = {
				ASSETCATALOG_COMPILER_APPICON_NAME = AppIcon;
				ASSETCATALOG_COMPILER_GLOBAL_ACCENT_COLOR_NAME = AccentColor;
				CODE_SIGN_STYLE = Automatic;
				CURRENT_PROJECT_VERSION = 1;
				DEVELOPMENT_ASSET_PATHS = "\"SliderBGColor/Preview Content\"";
				ENABLE_PREVIEWS = YES;
				GENERATE_INFOPLIST_FILE = YES;
				INFOPLIST_KEY_UIApplicationSceneManifest_Generation = YES;
				INFOPLIST_KEY_UIApplicationSupportsIndirectInputEvents = YES;
				INFOPLIST_KEY_UILaunchScreen_Generation = YES;
				INFOPLIST_KEY_UISupportedInterfaceOrientations_iPad = "UIInterfaceOrientationPortrait UIInterfaceOrientationPortraitUpsideDown UIInterfaceOrientationLandscapeLeft UIInterfaceOrientationLandscapeRight";
				INFOPLIST_KEY_UISupportedInterfaceOrientations_iPhone = "UIInterfaceOrientationPortrait UIInterfaceOrientationLandscapeLeft UIInterfaceOrientationLandscapeRight";
				LD_RUNPATH_SEARCH_PATHS = (
					"$(inherited)",
					"@executable_path/Frameworks",
				);
				MARKETING_VERSION = 1.0;
				PRODUCT_BUNDLE_IDENTIFIER = fr.SliderBGColor;
				PRODUCT_NAME = "$(TARGET_NAME)";
				SWIFT_EMIT_LOC_STRINGS = YES;
				SWIFT_VERSION = 5.0;
				TARGETED_DEVICE_FAMILY = "1,2";
			};
			name = Release;
		};
		ACCF095C2DCE33B4009E69D8 /* Debug */ = {
			isa = XCBuildConfiguration;
			buildSettings = {
				BUNDLE_LOADER = "$(TEST_HOST)";
				CODE_SIGN_STYLE = Automatic;
				CURRENT_PROJECT_VERSION = 1;
				GENERATE_INFOPLIST_FILE = YES;
				IPHONEOS_DEPLOYMENT_TARGET = 18.2;
				MARKETING_VERSION = 1.0;
				PRODUCT_BUNDLE_IDENTIFIER = fr.SliderBGColorTests;
				PRODUCT_NAME = "$(TARGET_NAME)";
				SWIFT_EMIT_LOC_STRINGS = NO;
				SWIFT_VERSION = 5.0;
				TARGETED_DEVICE_FAMILY = "1,2";
				TEST_HOST = "$(BUILT_PRODUCTS_DIR)/SliderBGColor.app/$(BUNDLE_EXECUTABLE_FOLDER_PATH)/SliderBGColor";
			};
			name = Debug;
		};
		ACCF095D2DCE33B4009E69D8 /* Release */ = {
			isa = XCBuildConfiguration;
			buildSettings = {
				BUNDLE_LOADER = "$(TEST_HOST)";
				CODE_SIGN_STYLE = Automatic;
				CURRENT_PROJECT_VERSION = 1;
				GENERATE_INFOPLIST_FILE = YES;
				IPHONEOS_DEPLOYMENT_TARGET = 18.2;
				MARKETING_VERSION = 1.0;
				PRODUCT_BUNDLE_IDENTIFIER = fr.SliderBGColorTests;
				PRODUCT_NAME = "$(TARGET_NAME)";
				SWIFT_EMIT_LOC_STRINGS = NO;
				SWIFT_VERSION = 5.0;
				TARGETED_DEVICE_FAMILY = "1,2";
				TEST_HOST = "$(BUILT_PRODUCTS_DIR)/SliderBGColor.app/$(BUNDLE_EXECUTABLE_FOLDER_PATH)/SliderBGColor";
			};
			name = Release;
		};
		ACCF095F2DCE33B4009E69D8 /* Debug */ = {
			isa = XCBuildConfiguration;
			buildSettings = {
				CODE_SIGN_STYLE = Automatic;
				CURRENT_PROJECT_VERSION = 1;
				GENERATE_INFOPLIST_FILE = YES;
				MARKETING_VERSION = 1.0;
				PRODUCT_BUNDLE_IDENTIFIER = fr.SliderBGColorUITests;
				PRODUCT_NAME = "$(TARGET_NAME)";
				SWIFT_EMIT_LOC_STRINGS = NO;
				SWIFT_VERSION = 5.0;
				TARGETED_DEVICE_FAMILY = "1,2";
				TEST_TARGET_NAME = SliderBGColor;
			};
			name = Debug;
		};
		ACCF09602DCE33B4009E69D8 /* Release */ = {
			isa = XCBuildConfiguration;
			buildSettings = {
				CODE_SIGN_STYLE = Automatic;
				CURRENT_PROJECT_VERSION = 1;
				GENERATE_INFOPLIST_FILE = YES;
				MARKETING_VERSION = 1.0;
				PRODUCT_BUNDLE_IDENTIFIER = fr.SliderBGColorUITests;
				PRODUCT_NAME = "$(TARGET_NAME)";
				SWIFT_EMIT_LOC_STRINGS = NO;
				SWIFT_VERSION = 5.0;
				TARGETED_DEVICE_FAMILY = "1,2";
				TEST_TARGET_NAME = SliderBGColor;
			};
			name = Release;
		};
/* End XCBuildConfiguration section */

/* Begin XCConfigurationList section */
		ACCF092F2DCE33AF009E69D8 /* Build configuration list for PBXProject "SliderBGColor" */ = {
			isa = XCConfigurationList;
			buildConfigurations = (
				ACCF09562DCE33B4009E69D8 /* Debug */,
				ACCF09572DCE33B4009E69D8 /* Release */,
			);
			defaultConfigurationIsVisible = 0;
			defaultConfigurationName = Release;
		};
		ACCF09582DCE33B4009E69D8 /* Build configuration list for PBXNativeTarget "SliderBGColor" */ = {
			isa = XCConfigurationList;
			buildConfigurations = (
				ACCF09592DCE33B4009E69D8 /* Debug */,
				ACCF095A2DCE33B4009E69D8 /* Release */,
			);
			defaultConfigurationIsVisible = 0;
			defaultConfigurationName = Release;
		};
		ACCF095B2DCE33B4009E69D8 /* Build configuration list for PBXNativeTarget "SliderBGColorTests" */ = {
			isa = XCConfigurationList;
			buildConfigurations = (
				ACCF095C2DCE33B4009E69D8 /* Debug */,
				ACCF095D2DCE33B4009E69D8 /* Release */,
			);
			defaultConfigurationIsVisible = 0;
			defaultConfigurationName = Release;
		};
		ACCF095E2DCE33B4009E69D8 /* Build configuration list for PBXNativeTarget "SliderBGColorUITests" */ = {
			isa = XCConfigurationList;
			buildConfigurations = (
				ACCF095F2DCE33B4009E69D8 /* Debug */,
				ACCF09602DCE33B4009E69D8 /* Release */,
			);
			defaultConfigurationIsVisible = 0;
			defaultConfigurationName = Release;
		};
/* End XCConfigurationList section */
	};
	rootObject = ACCF092C2DCE33AF009E69D8 /* Project object */;
}
