// !$*UTF8*$!
{
	archiveVersion = 1;
	classes = {
	};
	objectVersion = 77;
	objects = {

/* Begin PBXContainerItemProxy section */
		6F656C562DF1FE2F00A5610E /* PBXContainerItemProxy */ = {
			isa = PBXContainerItemProxy;
			containerPortal = 6F656C402DF1FE2E00A5610E /* Project object */;
			proxyType = 1;
			remoteGlobalIDString = 6F656C472DF1FE2E00A5610E;
			remoteInfo = Temperatures;
		};
		6F656C602DF1FE2F00A5610E /* PBXContainerItemProxy */ = {
			isa = PBXContainerItemProxy;
			containerPortal = 6F656C402DF1FE2E00A5610E /* Project object */;
			proxyType = 1;
			remoteGlobalIDString = 6F656C472DF1FE2E00A5610E;
			remoteInfo = Temperatures;
		};
/* End PBXContainerItemProxy section */

/* Begin PBXFileReference section */
		6F656C482DF1FE2E00A5610E /* Temperatures.app */ = {isa = PBXFileReference; explicitFileType = wrapper.application; includeInIndex = 0; path = Temperatures.app; sourceTree = BUILT_PRODUCTS_DIR; };
		6F656C552DF1FE2F00A5610E /* TemperaturesTests.xctest */ = {isa = PBXFileReference; explicitFileType = wrapper.cfbundle; includeInIndex = 0; path = TemperaturesTests.xctest; sourceTree = BUILT_PRODUCTS_DIR; };
		6F656C5F2DF1FE2F00A5610E /* TemperaturesUITests.xctest */ = {isa = PBXFileReference; explicitFileType = wrapper.cfbundle; includeInIndex = 0; path = TemperaturesUITests.xctest; sourceTree = BUILT_PRODUCTS_DIR; };
/* End PBXFileReference section */

/* Begin PBXFileSystemSynchronizedRootGroup section */
		6F656C4A2DF1FE2E00A5610E /* Temperatures */ = {
			isa = PBXFileSystemSynchronizedRootGroup;
			path = Temperatures;
			sourceTree = "<group>";
		};
		6F656C582DF1FE2F00A5610E /* TemperaturesTests */ = {
			isa = PBXFileSystemSynchronizedRootGroup;
			path = TemperaturesTests;
			sourceTree = "<group>";
		};
		6F656C622DF1FE2F00A5610E /* TemperaturesUITests */ = {
			isa = PBXFileSystemSynchronizedRootGroup;
			path = TemperaturesUITests;
			sourceTree = "<group>";
		};
/* End PBXFileSystemSynchronizedRootGroup section */

/* Begin PBXFrameworksBuildPhase section */
		6F656C452DF1FE2E00A5610E /* Frameworks */ = {
			isa = PBXFrameworksBuildPhase;
			buildActionMask = 2147483647;
			files = (
			);
			runOnlyForDeploymentPostprocessing = 0;
		};
		6F656C522DF1FE2F00A5610E /* Frameworks */ = {
			isa = PBXFrameworksBuildPhase;
			buildActionMask = 2147483647;
			files = (
			);
			runOnlyForDeploymentPostprocessing = 0;
		};
		6F656C5C2DF1FE2F00A5610E /* Frameworks */ = {
			isa = PBXFrameworksBuildPhase;
			buildActionMask = 2147483647;
			files = (
			);
			runOnlyForDeploymentPostprocessing = 0;
		};
/* End PBXFrameworksBuildPhase section */

/* Begin PBXGroup section */
		6F656C3F2DF1FE2E00A5610E = {
			isa = PBXGroup;
			children = (
				6F656C4A2DF1FE2E00A5610E /* Temperatures */,
				6F656C582DF1FE2F00A5610E /* TemperaturesTests */,
				6F656C622DF1FE2F00A5610E /* TemperaturesUITests */,
				6F656C492DF1FE2E00A5610E /* Products */,
			);
			sourceTree = "<group>";
		};
		6F656C492DF1FE2E00A5610E /* Products */ = {
			isa = PBXGroup;
			children = (
				6F656C482DF1FE2E00A5610E /* Temperatures.app */,
				6F656C552DF1FE2F00A5610E /* TemperaturesTests.xctest */,
				6F656C5F2DF1FE2F00A5610E /* TemperaturesUITests.xctest */,
			);
			name = Products;
			sourceTree = "<group>";
		};
/* End PBXGroup section */

/* Begin PBXNativeTarget section */
		6F656C472DF1FE2E00A5610E /* Temperatures */ = {
			isa = PBXNativeTarget;
			buildConfigurationList = 6F656C692DF1FE2F00A5610E /* Build configuration list for PBXNativeTarget "Temperatures" */;
			buildPhases = (
				6F656C442DF1FE2E00A5610E /* Sources */,
				6F656C452DF1FE2E00A5610E /* Frameworks */,
				6F656C462DF1FE2E00A5610E /* Resources */,
			);
			buildRules = (
			);
			dependencies = (
			);
			fileSystemSynchronizedGroups = (
				6F656C4A2DF1FE2E00A5610E /* Temperatures */,
			);
			name = Temperatures;
			packageProductDependencies = (
			);
			productName = Temperatures;
			productReference = 6F656C482DF1FE2E00A5610E /* Temperatures.app */;
			productType = "com.apple.product-type.application";
		};
		6F656C542DF1FE2F00A5610E /* TemperaturesTests */ = {
			isa = PBXNativeTarget;
			buildConfigurationList = 6F656C6C2DF1FE2F00A5610E /* Build configuration list for PBXNativeTarget "TemperaturesTests" */;
			buildPhases = (
				6F656C512DF1FE2F00A5610E /* Sources */,
				6F656C522DF1FE2F00A5610E /* Frameworks */,
				6F656C532DF1FE2F00A5610E /* Resources */,
			);
			buildRules = (
			);
			dependencies = (
				6F656C572DF1FE2F00A5610E /* PBXTargetDependency */,
			);
			fileSystemSynchronizedGroups = (
				6F656C582DF1FE2F00A5610E /* TemperaturesTests */,
			);
			name = TemperaturesTests;
			packageProductDependencies = (
			);
			productName = TemperaturesTests;
			productReference = 6F656C552DF1FE2F00A5610E /* TemperaturesTests.xctest */;
			productType = "com.apple.product-type.bundle.unit-test";
		};
		6F656C5E2DF1FE2F00A5610E /* TemperaturesUITests */ = {
			isa = PBXNativeTarget;
			buildConfigurationList = 6F656C6F2DF1FE2F00A5610E /* Build configuration list for PBXNativeTarget "TemperaturesUITests" */;
			buildPhases = (
				6F656C5B2DF1FE2F00A5610E /* Sources */,
				6F656C5C2DF1FE2F00A5610E /* Frameworks */,
				6F656C5D2DF1FE2F00A5610E /* Resources */,
			);
			buildRules = (
			);
			dependencies = (
				6F656C612DF1FE2F00A5610E /* PBXTargetDependency */,
			);
			fileSystemSynchronizedGroups = (
				6F656C622DF1FE2F00A5610E /* TemperaturesUITests */,
			);
			name = TemperaturesUITests;
			packageProductDependencies = (
			);
			productName = TemperaturesUITests;
			productReference = 6F656C5F2DF1FE2F00A5610E /* TemperaturesUITests.xctest */;
			productType = "com.apple.product-type.bundle.ui-testing";
		};
/* End PBXNativeTarget section */

/* Begin PBXProject section */
		6F656C402DF1FE2E00A5610E /* Project object */ = {
			isa = PBXProject;
			attributes = {
				BuildIndependentTargetsInParallel = 1;
				LastSwiftUpdateCheck = 1630;
				LastUpgradeCheck = 1630;
				TargetAttributes = {
					6F656C472DF1FE2E00A5610E = {
						CreatedOnToolsVersion = 16.3;
					};
					6F656C542DF1FE2F00A5610E = {
						CreatedOnToolsVersion = 16.3;
						TestTargetID = 6F656C472DF1FE2E00A5610E;
					};
					6F656C5E2DF1FE2F00A5610E = {
						CreatedOnToolsVersion = 16.3;
						TestTargetID = 6F656C472DF1FE2E00A5610E;
					};
				};
			};
			buildConfigurationList = 6F656C432DF1FE2E00A5610E /* Build configuration list for PBXProject "Temperatures" */;
			developmentRegion = en;
			hasScannedForEncodings = 0;
			knownRegions = (
				en,
				Base,
			);
			mainGroup = 6F656C3F2DF1FE2E00A5610E;
			minimizedProjectReferenceProxies = 1;
			preferredProjectObjectVersion = 77;
			productRefGroup = 6F656C492DF1FE2E00A5610E /* Products */;
			projectDirPath = "";
			projectRoot = "";
			targets = (
				6F656C472DF1FE2E00A5610E /* Temperatures */,
				6F656C542DF1FE2F00A5610E /* TemperaturesTests */,
				6F656C5E2DF1FE2F00A5610E /* TemperaturesUITests */,
			);
		};
/* End PBXProject section */

/* Begin PBXResourcesBuildPhase section */
		6F656C462DF1FE2E00A5610E /* Resources */ = {
			isa = PBXResourcesBuildPhase;
			buildActionMask = 2147483647;
			files = (
			);
			runOnlyForDeploymentPostprocessing = 0;
		};
		6F656C532DF1FE2F00A5610E /* Resources */ = {
			isa = PBXResourcesBuildPhase;
			buildActionMask = 2147483647;
			files = (
			);
			runOnlyForDeploymentPostprocessing = 0;
		};
		6F656C5D2DF1FE2F00A5610E /* Resources */ = {
			isa = PBXResourcesBuildPhase;
			buildActionMask = 2147483647;
			files = (
			);
			runOnlyForDeploymentPostprocessing = 0;
		};
/* End PBXResourcesBuildPhase section */

/* Begin PBXSourcesBuildPhase section */
		6F656C442DF1FE2E00A5610E /* Sources */ = {
			isa = PBXSourcesBuildPhase;
			buildActionMask = 2147483647;
			files = (
			);
			runOnlyForDeploymentPostprocessing = 0;
		};
		6F656C512DF1FE2F00A5610E /* Sources */ = {
			isa = PBXSourcesBuildPhase;
			buildActionMask = 2147483647;
			files = (
			);
			runOnlyForDeploymentPostprocessing = 0;
		};
		6F656C5B2DF1FE2F00A5610E /* Sources */ = {
			isa = PBXSourcesBuildPhase;
			buildActionMask = 2147483647;
			files = (
			);
			runOnlyForDeploymentPostprocessing = 0;
		};
/* End PBXSourcesBuildPhase section */

/* Begin PBXTargetDependency section */
		6F656C572DF1FE2F00A5610E /* PBXTargetDependency */ = {
			isa = PBXTargetDependency;
			target = 6F656C472DF1FE2E00A5610E /* Temperatures */;
			targetProxy = 6F656C562DF1FE2F00A5610E /* PBXContainerItemProxy */;
		};
		6F656C612DF1FE2F00A5610E /* PBXTargetDependency */ = {
			isa = PBXTargetDependency;
			target = 6F656C472DF1FE2E00A5610E /* Temperatures */;
			targetProxy = 6F656C602DF1FE2F00A5610E /* PBXContainerItemProxy */;
		};
/* End PBXTargetDependency section */

/* Begin XCBuildConfiguration section */
		6F656C672DF1FE2F00A5610E /* Debug */ = {
			isa = XCBuildConfiguration;
			buildSettings = {
				ALWAYS_SEARCH_USER_PATHS = NO;
				ASSETCATALOG_COMPILER_GENERATE_SWIFT_ASSET_SYMBOL_EXTENSIONS = YES;
				CLANG_ANALYZER_NONNULL = YES;
				CLANG_ANALYZER_NUMBER_OBJECT_CONVERSION = YES_AGGRESSIVE;
				CLANG_CXX_LANGUAGE_STANDARD = "gnu++20";
				CLANG_ENABLE_MODULES = YES;
				CLANG_ENABLE_OBJC_ARC = YES;
				CLANG_ENABLE_OBJC_WEAK = YES;
				CLANG_WARN_BLOCK_CAPTURE_AUTORELEASING = YES;
				CLANG_WARN_BOOL_CONVERSION = YES;
				CLANG_WARN_COMMA = YES;
				CLANG_WARN_CONSTANT_CONVERSION = YES;
				CLANG_WARN_DEPRECATED_OBJC_IMPLEMENTATIONS = YES;
				CLANG_WARN_DIRECT_OBJC_ISA_USAGE = YES_ERROR;
				CLANG_WARN_DOCUMENTATION_COMMENTS = YES;
				CLANG_WARN_EMPTY_BODY = YES;
				CLANG_WARN_ENUM_CONVERSION = YES;
				CLANG_WARN_INFINITE_RECURSION = YES;
				CLANG_WARN_INT_CONVERSION = YES;
				CLANG_WARN_NON_LITERAL_NULL_CONVERSION = YES;
				CLANG_WARN_OBJC_IMPLICIT_RETAIN_SELF = YES;
				CLANG_WARN_OBJC_LITERAL_CONVERSION = YES;
				CLANG_WARN_OBJC_ROOT_CLASS = YES_ERROR;
				CLANG_WARN_QUOTED_INCLUDE_IN_FRAMEWORK_HEADER = YES;
				CLANG_WARN_RANGE_LOOP_ANALYSIS = YES;
				CLANG_WARN_STRICT_PROTOTYPES = YES;
				CLANG_WARN_SUSPICIOUS_MOVE = YES;
				CLANG_WARN_UNGUARDED_AVAILABILITY = YES_AGGRESSIVE;
				CLANG_WARN_UNREACHABLE_CODE = YES;
				CLANG_WARN__DUPLICATE_METHOD_MATCH = YES;
				COPY_PHASE_STRIP = NO;
				DEBUG_INFORMATION_FORMAT = dwarf;
				ENABLE_STRICT_OBJC_MSGSEND = YES;
				ENABLE_TESTABILITY = YES;
				ENABLE_USER_SCRIPT_SANDBOXING = YES;
				GCC_C_LANGUAGE_STANDARD = gnu17;
				GCC_DYNAMIC_NO_PIC = NO;
				GCC_NO_COMMON_BLOCKS = YES;
				GCC_OPTIMIZATION_LEVEL = 0;
				GCC_PREPROCESSOR_DEFINITIONS = (
					"DEBUG=1",
					"$(inherited)",
				);
				GCC_WARN_64_TO_32_BIT_CONVERSION = YES;
				GCC_WARN_ABOUT_RETURN_TYPE = YES_ERROR;
				GCC_WARN_UNDECLARED_SELECTOR = YES;
				GCC_WARN_UNINITIALIZED_AUTOS = YES_AGGRESSIVE;
				GCC_WARN_UNUSED_FUNCTION = YES;
				GCC_WARN_UNUSED_VARIABLE = YES;
				IPHONEOS_DEPLOYMENT_TARGET = 18.4;
				LOCALIZATION_PREFERS_STRING_CATALOGS = YES;
				MTL_ENABLE_DEBUG_INFO = INCLUDE_SOURCE;
				MTL_FAST_MATH = YES;
				ONLY_ACTIVE_ARCH = YES;
				SDKROOT = iphoneos;
				SWIFT_ACTIVE_COMPILATION_CONDITIONS = "DEBUG $(inherited)";
				SWIFT_OPTIMIZATION_LEVEL = "-Onone";
			};
			name = Debug;
		};
		6F656C682DF1FE2F00A5610E /* Release */ = {
			isa = XCBuildConfiguration;
			buildSettings = {
				ALWAYS_SEARCH_USER_PATHS = NO;
				ASSETCATALOG_COMPILER_GENERATE_SWIFT_ASSET_SYMBOL_EXTENSIONS = YES;
				CLANG_ANALYZER_NONNULL = YES;
				CLANG_ANALYZER_NUMBER_OBJECT_CONVERSION = YES_AGGRESSIVE;
				CLANG_CXX_LANGUAGE_STANDARD = "gnu++20";
				CLANG_ENABLE_MODULES = YES;
				CLANG_ENABLE_OBJC_ARC = YES;
				CLANG_ENABLE_OBJC_WEAK = YES;
				CLANG_WARN_BLOCK_CAPTURE_AUTORELEASING = YES;
				CLANG_WARN_BOOL_CONVERSION = YES;
				CLANG_WARN_COMMA = YES;
				CLANG_WARN_CONSTANT_CONVERSION = YES;
				CLANG_WARN_DEPRECATED_OBJC_IMPLEMENTATIONS = YES;
				CLANG_WARN_DIRECT_OBJC_ISA_USAGE = YES_ERROR;
				CLANG_WARN_DOCUMENTATION_COMMENTS = YES;
				CLANG_WARN_EMPTY_BODY = YES;
				CLANG_WARN_ENUM_CONVERSION = YES;
				CLANG_WARN_INFINITE_RECURSION = YES;
				CLANG_WARN_INT_CONVERSION = YES;
				CLANG_WARN_NON_LITERAL_NULL_CONVERSION = YES;
				CLANG_WARN_OBJC_IMPLICIT_RETAIN_SELF = YES;
				CLANG_WARN_OBJC_LITERAL_CONVERSION = YES;
				CLANG_WARN_OBJC_ROOT_CLASS = YES_ERROR;
				CLANG_WARN_QUOTED_INCLUDE_IN_FRAMEWORK_HEADER = YES;
				CLANG_WARN_RANGE_LOOP_ANALYSIS = YES;
				CLANG_WARN_STRICT_PROTOTYPES = YES;
				CLANG_WARN_SUSPICIOUS_MOVE = YES;
				CLANG_WARN_UNGUARDED_AVAILABILITY = YES_AGGRESSIVE;
				CLANG_WARN_UNREACHABLE_CODE = YES;
				CLANG_WARN__DUPLICATE_METHOD_MATCH = YES;
				COPY_PHASE_STRIP = NO;
				DEBUG_INFORMATION_FORMAT = "dwarf-with-dsym";
				ENABLE_NS_ASSERTIONS = NO;
				ENABLE_STRICT_OBJC_MSGSEND = YES;
				ENABLE_USER_SCRIPT_SANDBOXING = YES;
				GCC_C_LANGUAGE_STANDARD = gnu17;
				GCC_NO_COMMON_BLOCKS = YES;
				GCC_WARN_64_TO_32_BIT_CONVERSION = YES;
				GCC_WARN_ABOUT_RETURN_TYPE = YES_ERROR;
				GCC_WARN_UNDECLARED_SELECTOR = YES;
				GCC_WARN_UNINITIALIZED_AUTOS = YES_AGGRESSIVE;
				GCC_WARN_UNUSED_FUNCTION = YES;
				GCC_WARN_UNUSED_VARIABLE = YES;
				IPHONEOS_DEPLOYMENT_TARGET = 18.4;
				LOCALIZATION_PREFERS_STRING_CATALOGS = YES;
				MTL_ENABLE_DEBUG_INFO = NO;
				MTL_FAST_MATH = YES;
				SDKROOT = iphoneos;
				SWIFT_COMPILATION_MODE = wholemodule;
				VALIDATE_PRODUCT = YES;
			};
			name = Release;
		};
		6F656C6A2DF1FE2F00A5610E /* Debug */ = {
			isa = XCBuildConfiguration;
			buildSettings = {
				ASSETCATALOG_COMPILER_APPICON_NAME = AppIcon;
				ASSETCATALOG_COMPILER_GLOBAL_ACCENT_COLOR_NAME = AccentColor;
				CODE_SIGN_STYLE = Automatic;
				CURRENT_PROJECT_VERSION = 1;
				ENABLE_PREVIEWS = YES;
				GENERATE_INFOPLIST_FILE = YES;
				INFOPLIST_KEY_UIApplicationSceneManifest_Generation = YES;
				INFOPLIST_KEY_UIApplicationSupportsIndirectInputEvents = YES;
				INFOPLIST_KEY_UILaunchScreen_Generation = YES;
				INFOPLIST_KEY_UISupportedInterfaceOrientations_iPad = "UIInterfaceOrientationPortrait UIInterfaceOrientationPortraitUpsideDown UIInterfaceOrientationLandscapeLeft UIInterfaceOrientationLandscapeRight";
				INFOPLIST_KEY_UISupportedInterfaceOrientations_iPhone = "UIInterfaceOrientationPortrait UIInterfaceOrientationLandscapeLeft UIInterfaceOrientationLandscapeRight";
				LD_RUNPATH_SEARCH_PATHS = (
					"$(inherited)",
					"@executable_path/Frameworks",
				);
				MARKETING_VERSION = 1.0;
				PRODUCT_BUNDLE_IDENTIFIER = ex.Temperatures;
				PRODUCT_NAME = "$(TARGET_NAME)";
				SWIFT_EMIT_LOC_STRINGS = YES;
				SWIFT_VERSION = 5.0;
				TARGETED_DEVICE_FAMILY = "1,2";
			};
			name = Debug;
		};
		6F656C6B2DF1FE2F00A5610E /* Release */ = {
			isa = XCBuildConfiguration;
			buildSettings = {
				ASSETCATALOG_COMPILER_APPICON_NAME = AppIcon;
				ASSETCATALOG_COMPILER_GLOBAL_ACCENT_COLOR_NAME = AccentColor;
				CODE_SIGN_STYLE = Automatic;
				CURRENT_PROJECT_VERSION = 1;
				ENABLE_PREVIEWS = YES;
				GENERATE_INFOPLIST_FILE = YES;
				INFOPLIST_KEY_UIApplicationSceneManifest_Generation = YES;
				INFOPLIST_KEY_UIApplicationSupportsIndirectInputEvents = YES;
				INFOPLIST_KEY_UILaunchScreen_Generation = YES;
				INFOPLIST_KEY_UISupportedInterfaceOrientations_iPad = "UIInterfaceOrientationPortrait UIInterfaceOrientationPortraitUpsideDown UIInterfaceOrientationLandscapeLeft UIInterfaceOrientationLandscapeRight";
				INFOPLIST_KEY_UISupportedInterfaceOrientations_iPhone = "UIInterfaceOrientationPortrait UIInterfaceOrientationLandscapeLeft UIInterfaceOrientationLandscapeRight";
				LD_RUNPATH_SEARCH_PATHS = (
					"$(inherited)",
					"@executable_path/Frameworks",
				);
				MARKETING_VERSION = 1.0;
				PRODUCT_BUNDLE_IDENTIFIER = ex.Temperatures;
				PRODUCT_NAME = "$(TARGET_NAME)";
				SWIFT_EMIT_LOC_STRINGS = YES;
				SWIFT_VERSION = 5.0;
				TARGETED_DEVICE_FAMILY = "1,2";
			};
			name = Release;
		};
		6F656C6D2DF1FE2F00A5610E /* Debug */ = {
			isa = XCBuildConfiguration;
			buildSettings = {
				BUNDLE_LOADER = "$(TEST_HOST)";
				CODE_SIGN_STYLE = Automatic;
				CURRENT_PROJECT_VERSION = 1;
				GENERATE_INFOPLIST_FILE = YES;
				IPHONEOS_DEPLOYMENT_TARGET = 18.4;
				MARKETING_VERSION = 1.0;
				PRODUCT_BUNDLE_IDENTIFIER = ex.TemperaturesTests;
				PRODUCT_NAME = "$(TARGET_NAME)";
				SWIFT_EMIT_LOC_STRINGS = NO;
				SWIFT_VERSION = 5.0;
				TARGETED_DEVICE_FAMILY = "1,2";
				TEST_HOST = "$(BUILT_PRODUCTS_DIR)/Temperatures.app/$(BUNDLE_EXECUTABLE_FOLDER_PATH)/Temperatures";
			};
			name = Debug;
		};
		6F656C6E2DF1FE2F00A5610E /* Release */ = {
			isa = XCBuildConfiguration;
			buildSettings = {
				BUNDLE_LOADER = "$(TEST_HOST)";
				CODE_SIGN_STYLE = Automatic;
				CURRENT_PROJECT_VERSION = 1;
				GENERATE_INFOPLIST_FILE = YES;
				IPHONEOS_DEPLOYMENT_TARGET = 18.4;
				MARKETING_VERSION = 1.0;
				PRODUCT_BUNDLE_IDENTIFIER = ex.TemperaturesTests;
				PRODUCT_NAME = "$(TARGET_NAME)";
				SWIFT_EMIT_LOC_STRINGS = NO;
				SWIFT_VERSION = 5.0;
				TARGETED_DEVICE_FAMILY = "1,2";
				TEST_HOST = "$(BUILT_PRODUCTS_DIR)/Temperatures.app/$(BUNDLE_EXECUTABLE_FOLDER_PATH)/Temperatures";
			};
			name = Release;
		};
		6F656C702DF1FE2F00A5610E /* Debug */ = {
			isa = XCBuildConfiguration;
			buildSettings = {
				CODE_SIGN_STYLE = Automatic;
				CURRENT_PROJECT_VERSION = 1;
				GENERATE_INFOPLIST_FILE = YES;
				MARKETING_VERSION = 1.0;
				PRODUCT_BUNDLE_IDENTIFIER = ex.TemperaturesUITests;
				PRODUCT_NAME = "$(TARGET_NAME)";
				SWIFT_EMIT_LOC_STRINGS = NO;
				SWIFT_VERSION = 5.0;
				TARGETED_DEVICE_FAMILY = "1,2";
				TEST_TARGET_NAME = Temperatures;
			};
			name = Debug;
		};
		6F656C712DF1FE2F00A5610E /* Release */ = {
			isa = XCBuildConfiguration;
			buildSettings = {
				CODE_SIGN_STYLE = Automatic;
				CURRENT_PROJECT_VERSION = 1;
				GENERATE_INFOPLIST_FILE = YES;
				MARKETING_VERSION = 1.0;
				PRODUCT_BUNDLE_IDENTIFIER = ex.TemperaturesUITests;
				PRODUCT_NAME = "$(TARGET_NAME)";
				SWIFT_EMIT_LOC_STRINGS = NO;
				SWIFT_VERSION = 5.0;
				TARGETED_DEVICE_FAMILY = "1,2";
				TEST_TARGET_NAME = Temperatures;
			};
			name = Release;
		};
/* End XCBuildConfiguration section */

/* Begin XCConfigurationList section */
		6F656C432DF1FE2E00A5610E /* Build configuration list for PBXProject "Temperatures" */ = {
			isa = XCConfigurationList;
			buildConfigurations = (
				6F656C672DF1FE2F00A5610E /* Debug */,
				6F656C682DF1FE2F00A5610E /* Release */,
			);
			defaultConfigurationIsVisible = 0;
			defaultConfigurationName = Release;
		};
		6F656C692DF1FE2F00A5610E /* Build configuration list for PBXNativeTarget "Temperatures" */ = {
			isa = XCConfigurationList;
			buildConfigurations = (
				6F656C6A2DF1FE2F00A5610E /* Debug */,
				6F656C6B2DF1FE2F00A5610E /* Release */,
			);
			defaultConfigurationIsVisible = 0;
			defaultConfigurationName = Release;
		};
		6F656C6C2DF1FE2F00A5610E /* Build configuration list for PBXNativeTarget "TemperaturesTests" */ = {
			isa = XCConfigurationList;
			buildConfigurations = (
				6F656C6D2DF1FE2F00A5610E /* Debug */,
				6F656C6E2DF1FE2F00A5610E /* Release */,
			);
			defaultConfigurationIsVisible = 0;
			defaultConfigurationName = Release;
		};
		6F656C6F2DF1FE2F00A5610E /* Build configuration list for PBXNativeTarget "TemperaturesUITests" */ = {
			isa = XCConfigurationList;
			buildConfigurations = (
				6F656C702DF1FE2F00A5610E /* Debug */,
				6F656C712DF1FE2F00A5610E /* Release */,
			);
			defaultConfigurationIsVisible = 0;
			defaultConfigurationName = Release;
		};
/* End XCConfigurationList section */
	};
	rootObject = 6F656C402DF1FE2E00A5610E /* Project object */;
}
